
Microsoft Visual Studio Solution File, Format Version 12.00
# Visual Studio Version 17
VisualStudioVersion = 17.3.32901.215
MinimumVisualStudioVersion = 10.0.40219.1
Project("{2150E333-8FDC-42A3-9474-1A3956D46DE8}") = "Presentation", "Presentation", "{16BE2F96-50D4-45FB-8557-086CF62A6ABF}"
EndProject
Project("{2150E333-8FDC-42A3-9474-1A3956D46DE8}") = "Repositories", "Repositories", "{503068B6-E59C-403A-899B-70932A59FA08}"
EndProject
Project("{2150E333-8FDC-42A3-9474-1A3956D46DE8}") = "BusinessServices", "BusinessServices", "{EF7B8BD8-5480-4C30-A345-98870D35FB13}"
EndProject
Project("{2150E333-8FDC-42A3-9474-1A3956D46DE8}") = "Infrastructure", "Infrastructure", "{6246F3E1-2382-44AD-A30C-8BC89FB582E4}"
EndProject
Project("{9A19103F-16F7-4668-BE54-9A1E7A4F7556}") = "Keywords_search", "Presentation\Keywords_search\Keywords_search.csproj", "{00F22D6C-3DC0-4932-9F94-D8DF8234231E}"
EndProject
Project("{9A19103F-16F7-4668-BE54-9A1E7A4F7556}") = "KS_Data", "Repositories\KS_Data\KS_Data.csproj", "{AB5F1260-1861-4434-93D4-31AE2C1C93EA}"
EndProject
Project("{FAE04EC0-301F-11D3-BF4B-00C04F79EFBC}") = "KS_Data_model", "Repositories\KS_Data_model\KS_Data_model.csproj", "{89BE39FC-3A19-45BC-B8CD-2F5045EEE8F9}"
EndProject
Project("{FAE04EC0-301F-11D3-BF4B-00C04F79EFBC}") = "KS_Business_Model", "BusinessServices\KS_Business_Model\KS_Business_Model.csproj", "{E365109C-002C-4BBF-9475-AE73031EA57C}"
EndProject
Global
	GlobalSection(SolutionConfigurationPlatforms) = preSolution
		Debug|Any CPU = Debug|Any CPU
		Release|Any CPU = Release|Any CPU
	EndGlobalSection
	GlobalSection(ProjectConfigurationPlatforms) = postSolution
		{00F22D6C-3DC0-4932-9F94-D8DF8234231E}.Debug|Any CPU.ActiveCfg = Debug|Any CPU
		{00F22D6C-3DC0-4932-9F94-D8DF8234231E}.Debug|Any CPU.Build.0 = Debug|Any CPU
		{00F22D6C-3DC0-4932-9F94-D8DF8234231E}.Release|Any CPU.ActiveCfg = Release|Any CPU
		{00F22D6C-3DC0-4932-9F94-D8DF8234231E}.Release|Any CPU.Build.0 = Release|Any CPU
		{AB5F1260-1861-4434-93D4-31AE2C1C93EA}.Debug|Any CPU.ActiveCfg = Debug|Any CPU
		{AB5F1260-1861-4434-93D4-31AE2C1C93EA}.Debug|Any CPU.Build.0 = Debug|Any CPU
		{AB5F1260-1861-4434-93D4-31AE2C1C93EA}.Release|Any CPU.ActiveCfg = Release|Any CPU
		{AB5F1260-1861-4434-93D4-31AE2C1C93EA}.Release|Any CPU.Build.0 = Release|Any CPU
		{89BE39FC-3A19-45BC-B8CD-2F5045EEE8F9}.Debug|Any CPU.ActiveCfg = Debug|Any CPU
		{89BE39FC-3A19-45BC-B8CD-2F5045EEE8F9}.Debug|Any CPU.Build.0 = Debug|Any CPU
		{89BE39FC-3A19-45BC-B8CD-2F5045EEE8F9}.Release|Any CPU.ActiveCfg = Release|Any CPU
		{89BE39FC-3A19-45BC-B8CD-2F5045EEE8F9}.Release|Any CPU.Build.0 = Release|Any CPU
		{E365109C-002C-4BBF-9475-AE73031EA57C}.Debug|Any CPU.ActiveCfg = Debug|Any CPU
		{E365109C-002C-4BBF-9475-AE73031EA57C}.Debug|Any CPU.Build.0 = Debug|Any CPU
		{E365109C-002C-4BBF-9475-AE73031EA57C}.Release|Any CPU.ActiveCfg = Release|Any CPU
		{E365109C-002C-4BBF-9475-AE73031EA57C}.Release|Any CPU.Build.0 = Release|Any CPU
	EndGlobalSection
	GlobalSection(SolutionProperties) = preSolution
		HideSolutionNode = FALSE
	EndGlobalSection
	GlobalSection(NestedProjects) = preSolution
		{00F22D6C-3DC0-4932-9F94-D8DF8234231E} = {16BE2F96-50D4-45FB-8557-086CF62A6ABF}
		{AB5F1260-1861-4434-93D4-31AE2C1C93EA} = {503068B6-E59C-403A-899B-70932A59FA08}
		{89BE39FC-3A19-45BC-B8CD-2F5045EEE8F9} = {503068B6-E59C-403A-899B-70932A59FA08}
		{E365109C-002C-4BBF-9475-AE73031EA57C} = {EF7B8BD8-5480-4C30-A345-98870D35FB13}
	EndGlobalSection
	GlobalSection(ExtensibilityGlobals) = postSolution
		SolutionGuid = {08715E6E-0E84-4A79-8F7B-26E0B95A9CB2}
	EndGlobalSection
EndGlobal
