
Microsoft Visual Studio Solution File, Format Version 12.00
# Visual Studio Version 17
VisualStudioVersion = 17.3.32901.215
MinimumVisualStudioVersion = 10.0.40219.1
Project("{FAE04EC0-301F-11D3-BF4B-00C04F79EFBC}") = "Keywords_search", "Keywords_search\Keywords_search.csproj", "{390244F9-6A8A-43B6-8E17-D3013AB0305C}"
EndProject
Global
	GlobalSection(SolutionConfigurationPlatforms) = preSolution
		Debug|Any CPU = Debug|Any CPU
		Release|Any CPU = Release|Any CPU
	EndGlobalSection
	GlobalSection(ProjectConfigurationPlatforms) = postSolution
		{390244F9-6A8A-43B6-8E17-D3013AB0305C}.Debug|Any CPU.ActiveCfg = Debug|Any CPU
		{390244F9-6A8A-43B6-8E17-D3013AB0305C}.Debug|Any CPU.Build.0 = Debug|Any CPU
		{390244F9-6A8A-43B6-8E17-D3013AB0305C}.Release|Any CPU.ActiveCfg = Release|Any CPU
		{390244F9-6A8A-43B6-8E17-D3013AB0305C}.Release|Any CPU.Build.0 = Release|Any CPU
	EndGlobalSection
	GlobalSection(SolutionProperties) = preSolution
		HideSolutionNode = FALSE
	EndGlobalSection
	GlobalSection(ExtensibilityGlobals) = postSolution
		SolutionGuid = {08715E6E-0E84-4A79-8F7B-26E0B95A9CB2}
	EndGlobalSection
EndGlobal
